
Microsoft Visual Studio Solution File, Format Version 12.00
# Visual Studio 2017
Project("{FAE04EC0-301F-11D3-BF4B-00C04F79EFBC}") = "Play Flock Test", "Play Flock Test.csproj", "{B36B9864-C91E-F026-CBBF-636F40E3F579}"
EndProject
Global
	GlobalSection(SolutionConfigurationPlatforms) = preSolution
		Debug|Any CPU = Debug|Any CPU
		Release|Any CPU = Release|Any CPU
	EndGlobalSection
	GlobalSection(ProjectConfigurationPlatforms) = postSolution
		{B36B9864-C91E-F026-CBBF-636F40E3F579}.Debug|Any CPU.ActiveCfg = Debug|Any CPU
		{B36B9864-C91E-F026-CBBF-636F40E3F579}.Debug|Any CPU.Build.0 = Debug|Any CPU
		{B36B9864-C91E-F026-CBBF-636F40E3F579}.Release|Any CPU.ActiveCfg = Release|Any CPU
		{B36B9864-C91E-F026-CBBF-636F40E3F579}.Release|Any CPU.Build.0 = Release|Any CPU
	EndGlobalSection
	GlobalSection(SolutionProperties) = preSolution
		HideSolutionNode = FALSE
	EndGlobalSection
EndGlobal
